
Microsoft Visual Studio Solution File, Format Version 12.00
# Visual Studio Version 17
VisualStudioVersion = 17.11.35327.3
MinimumVisualStudioVersion = 10.0.40219.1
Project("{FAE04EC0-301F-11D3-BF4B-00C04F79EFBC}") = "CheckOutLibrary", "CheckOutLibrary\CheckOutLibrary.csproj", "{9CDC576F-B9A5-4CB2-9096-DFAEAF9A4309}"
EndProject
Project("{FAE04EC0-301F-11D3-BF4B-00C04F79EFBC}") = "CheckOutTest", "CheckOutTest\CheckOutTest.csproj", "{DF88756C-9017-435E-81AC-414E7C903FEE}"
EndProject
Global
	GlobalSection(SolutionConfigurationPlatforms) = preSolution
		Debug|Any CPU = Debug|Any CPU
		Release|Any CPU = Release|Any CPU
	EndGlobalSection
	GlobalSection(ProjectConfigurationPlatforms) = postSolution
		{9CDC576F-B9A5-4CB2-9096-DFAEAF9A4309}.Debug|Any CPU.ActiveCfg = Debug|Any CPU
		{9CDC576F-B9A5-4CB2-9096-DFAEAF9A4309}.Debug|Any CPU.Build.0 = Debug|Any CPU
		{9CDC576F-B9A5-4CB2-9096-DFAEAF9A4309}.Release|Any CPU.ActiveCfg = Release|Any CPU
		{9CDC576F-B9A5-4CB2-9096-DFAEAF9A4309}.Release|Any CPU.Build.0 = Release|Any CPU
		{DF88756C-9017-435E-81AC-414E7C903FEE}.Debug|Any CPU.ActiveCfg = Debug|Any CPU
		{DF88756C-9017-435E-81AC-414E7C903FEE}.Debug|Any CPU.Build.0 = Debug|Any CPU
		{DF88756C-9017-435E-81AC-414E7C903FEE}.Release|Any CPU.ActiveCfg = Release|Any CPU
		{DF88756C-9017-435E-81AC-414E7C903FEE}.Release|Any CPU.Build.0 = Release|Any CPU
	EndGlobalSection
	GlobalSection(SolutionProperties) = preSolution
		HideSolutionNode = FALSE
	EndGlobalSection
	GlobalSection(ExtensibilityGlobals) = postSolution
		SolutionGuid = {ABD5761F-3095-4991-9E2F-AA6B818DC162}
	EndGlobalSection
EndGlobal
